
Microsoft Visual Studio Solution File, Format Version 12.00
# Visual Studio Version 17
VisualStudioVersion = 17.13.35828.75 d17.13
MinimumVisualStudioVersion = 10.0.40219.1
Project("{FAE04EC0-301F-11D3-BF4B-00C04F79EFBC}") = "SplashScreenApp", "SplashScreenApp.csproj", "{6CF16436-F173-412E-A164-FE8EDAF58D7D}"
EndProject
Global
	GlobalSection(SolutionConfigurationPlatforms) = preSolution
		Debug|Any CPU = Debug|Any CPU
		Release|Any CPU = Release|Any CPU
	EndGlobalSection
	GlobalSection(ProjectConfigurationPlatforms) = postSolution
		{6CF16436-F173-412E-A164-FE8EDAF58D7D}.Debug|Any CPU.ActiveCfg = Debug|Any CPU
		{6CF16436-F173-412E-A164-FE8EDAF58D7D}.Debug|Any CPU.Build.0 = Debug|Any CPU
		{6CF16436-F173-412E-A164-FE8EDAF58D7D}.Release|Any CPU.ActiveCfg = Release|Any CPU
		{6CF16436-F173-412E-A164-FE8EDAF58D7D}.Release|Any CPU.Build.0 = Release|Any CPU
	EndGlobalSection
	GlobalSection(SolutionProperties) = preSolution
		HideSolutionNode = FALSE
	EndGlobalSection
	GlobalSection(ExtensibilityGlobals) = postSolution
		SolutionGuid = {C6898D6A-5C2E-4F08-8FAB-3CD8BE5679A4}
	EndGlobalSection
EndGlobal
